
Microsoft Visual Studio Solution File, Format Version 12.00
# Visual Studio 15
VisualStudioVersion = 15.0.27004.2009
MinimumVisualStudioVersion = 10.0.40219.1
Project("{FAE04EC0-301F-11D3-BF4B-00C04F79EFBC}") = "Practica 2", "Practica 2\Practica 2.csproj", "{919F6967-9E14-4C12-A0CD-6D6F44EDC206}"
EndProject
Global
	GlobalSection(SolutionConfigurationPlatforms) = preSolution
		Debug|Any CPU = Debug|Any CPU
		Release|Any CPU = Release|Any CPU
	EndGlobalSection
	GlobalSection(ProjectConfigurationPlatforms) = postSolution
		{919F6967-9E14-4C12-A0CD-6D6F44EDC206}.Debug|Any CPU.ActiveCfg = Debug|Any CPU
		{919F6967-9E14-4C12-A0CD-6D6F44EDC206}.Debug|Any CPU.Build.0 = Debug|Any CPU
		{919F6967-9E14-4C12-A0CD-6D6F44EDC206}.Release|Any CPU.ActiveCfg = Release|Any CPU
		{919F6967-9E14-4C12-A0CD-6D6F44EDC206}.Release|Any CPU.Build.0 = Release|Any CPU
	EndGlobalSection
	GlobalSection(SolutionProperties) = preSolution
		HideSolutionNode = FALSE
	EndGlobalSection
	GlobalSection(ExtensibilityGlobals) = postSolution
		SolutionGuid = {CD3B740C-308A-45EE-9226-059BE3744042}
	EndGlobalSection
EndGlobal
